
Microsoft Visual Studio Solution File, Format Version 12.00
# Visual Studio Version 17
VisualStudioVersion = 17.5.002.0
MinimumVisualStudioVersion = 10.0.40219.1
Project("{9A19103F-16F7-4668-BE54-9A1E7A4F7556}") = "capstone_website", "capstone_website.csproj", "{5D744F31-596C-43F6-A060-29AF56777E46}"
EndProject
Global
	GlobalSection(SolutionConfigurationPlatforms) = preSolution
		Debug|Any CPU = Debug|Any CPU
		Release|Any CPU = Release|Any CPU
	EndGlobalSection
	GlobalSection(ProjectConfigurationPlatforms) = postSolution
		{5D744F31-596C-43F6-A060-29AF56777E46}.Debug|Any CPU.ActiveCfg = Debug|Any CPU
		{5D744F31-596C-43F6-A060-29AF56777E46}.Debug|Any CPU.Build.0 = Debug|Any CPU
		{5D744F31-596C-43F6-A060-29AF56777E46}.Release|Any CPU.ActiveCfg = Release|Any CPU
		{5D744F31-596C-43F6-A060-29AF56777E46}.Release|Any CPU.Build.0 = Release|Any CPU
	EndGlobalSection
	GlobalSection(SolutionProperties) = preSolution
		HideSolutionNode = FALSE
	EndGlobalSection
	GlobalSection(ExtensibilityGlobals) = postSolution
		SolutionGuid = {49DF8257-3FC9-41E1-A6D8-9EC81A1F340C}
	EndGlobalSection
EndGlobal
